// !$*UTF8*$!
{
	archiveVersion = 1;
	classes = {
	};
	objectVersion = 56;
	objects = {

/* Begin PBXBuildFile section */
		00E6869A2AD2E64F004EAE69 /* AppDelegate.swift in Sources */ = {isa = PBXBuildFile; fileRef = 00E686992AD2E64F004EAE69 /* AppDelegate.swift */; };
		00E6869C2AD2E64F004EAE69 /* SceneDelegate.swift in Sources */ = {isa = PBXBuildFile; fileRef = 00E6869B2AD2E64F004EAE69 /* SceneDelegate.swift */; };
		00E6869E2AD2E64F004EAE69 /* ViewController.swift in Sources */ = {isa = PBXBuildFile; fileRef = 00E6869D2AD2E64F004EAE69 /* ViewController.swift */; };
		00E686A12AD2E64F004EAE69 /* Main.storyboard in Resources */ = {isa = PBXBuildFile; fileRef = 00E6869F2AD2E64F004EAE69 /* Main.storyboard */; };
		00E686A32AD2E650004EAE69 /* Assets.xcassets in Resources */ = {isa = PBXBuildFile; fileRef = 00E686A22AD2E650004EAE69 /* Assets.xcassets */; };
		00E686A62AD2E650004EAE69 /* LaunchScreen.storyboard in Resources */ = {isa = PBXBuildFile; fileRef = 00E686A42AD2E650004EAE69 /* LaunchScreen.storyboard */; };
		E34DB5DB738C08B33156C6A6 /* Pods_WKIM.framework in Frameworks */ = {isa = PBXBuildFile; fileRef = A1CF5FF79E6DC13446C92EEC /* Pods_WKIM.framework */; };
/* End PBXBuildFile section */

/* Begin PBXFileReference section */
		00E686962AD2E64F004EAE69 /* WKIM.app */ = {isa = PBXFileReference; explicitFileType = wrapper.application; includeInIndex = 0; path = WKIM.app; sourceTree = BUILT_PRODUCTS_DIR; };
		00E686992AD2E64F004EAE69 /* AppDelegate.swift */ = {isa = PBXFileReference; lastKnownFileType = sourcecode.swift; path = AppDelegate.swift; sourceTree = "<group>"; };
		00E6869B2AD2E64F004EAE69 /* SceneDelegate.swift */ = {isa = PBXFileReference; lastKnownFileType = sourcecode.swift; path = SceneDelegate.swift; sourceTree = "<group>"; };
		00E6869D2AD2E64F004EAE69 /* ViewController.swift */ = {isa = PBXFileReference; lastKnownFileType = sourcecode.swift; path = ViewController.swift; sourceTree = "<group>"; };
		00E686A02AD2E64F004EAE69 /* Base */ = {isa = PBXFileReference; lastKnownFileType = file.storyboard; name = Base; path = Base.lproj/Main.storyboard; sourceTree = "<group>"; };
		00E686A22AD2E650004EAE69 /* Assets.xcassets */ = {isa = PBXFileReference; lastKnownFileType = folder.assetcatalog; path = Assets.xcassets; sourceTree = "<group>"; };
		00E686A52AD2E650004EAE69 /* Base */ = {isa = PBXFileReference; lastKnownFileType = file.storyboard; name = Base; path = Base.lproj/LaunchScreen.storyboard; sourceTree = "<group>"; };
		00E686A72AD2E650004EAE69 /* Info.plist */ = {isa = PBXFileReference; lastKnownFileType = text.plist.xml; path = Info.plist; sourceTree = "<group>"; };
		649087B01A1EE9C8C3079297 /* Pods-WKIM.debug.xcconfig */ = {isa = PBXFileReference; includeInIndex = 1; lastKnownFileType = text.xcconfig; name = "Pods-WKIM.debug.xcconfig"; path = "Target Support Files/Pods-WKIM/Pods-WKIM.debug.xcconfig"; sourceTree = "<group>"; };
		A1CF5FF79E6DC13446C92EEC /* Pods_WKIM.framework */ = {isa = PBXFileReference; explicitFileType = wrapper.framework; includeInIndex = 0; path = Pods_WKIM.framework; sourceTree = BUILT_PRODUCTS_DIR; };
		B791ED9FB04335BEE6FDC6BB /* Pods-WKIM.release.xcconfig */ = {isa = PBXFileReference; includeInIndex = 1; lastKnownFileType = text.xcconfig; name = "Pods-WKIM.release.xcconfig"; path = "Target Support Files/Pods-WKIM/Pods-WKIM.release.xcconfig"; sourceTree = "<group>"; };
/* End PBXFileReference section */

/* Begin PBXFrameworksBuildPhase section */
		00E686932AD2E64F004EAE69 /* Frameworks */ = {
			isa = PBXFrameworksBuildPhase;
			buildActionMask = 2147483647;
			files = (
				E34DB5DB738C08B33156C6A6 /* Pods_WKIM.framework in Frameworks */,
			);
			runOnlyForDeploymentPostprocessing = 0;
		};
/* End PBXFrameworksBuildPhase section */

/* Begin PBXGroup section */
		00E6868D2AD2E64F004EAE69 = {
			isa = PBXGroup;
			children = (
				00E686982AD2E64F004EAE69 /* WKIM */,
				00E686972AD2E64F004EAE69 /* Products */,
				B5D54BFD931736FE9A561E1E /* Pods */,
				E5363DBD0B27A4777A575BAB /* Frameworks */,
			);
			sourceTree = "<group>";
		};
		00E686972AD2E64F004EAE69 /* Products */ = {
			isa = PBXGroup;
			children = (
				00E686962AD2E64F004EAE69 /* WKIM.app */,
			);
			name = Products;
			sourceTree = "<group>";
		};
		00E686982AD2E64F004EAE69 /* WKIM */ = {
			isa = PBXGroup;
			children = (
				00E686992AD2E64F004EAE69 /* AppDelegate.swift */,
				00E6869B2AD2E64F004EAE69 /* SceneDelegate.swift */,
				00E6869D2AD2E64F004EAE69 /* ViewController.swift */,
				00E6869F2AD2E64F004EAE69 /* Main.storyboard */,
				00E686A22AD2E650004EAE69 /* Assets.xcassets */,
				00E686A42AD2E650004EAE69 /* LaunchScreen.storyboard */,
				00E686A72AD2E650004EAE69 /* Info.plist */,
			);
			path = WKIM;
			sourceTree = "<group>";
		};
		B5D54BFD931736FE9A561E1E /* Pods */ = {
			isa = PBXGroup;
			children = (
				649087B01A1EE9C8C3079297 /* Pods-WKIM.debug.xcconfig */,
				B791ED9FB04335BEE6FDC6BB /* Pods-WKIM.release.xcconfig */,
			);
			name = Pods;
			path = Pods;
			sourceTree = "<group>";
		};
		E5363DBD0B27A4777A575BAB /* Frameworks */ = {
			isa = PBXGroup;
			children = (
				A1CF5FF79E6DC13446C92EEC /* Pods_WKIM.framework */,
			);
			name = Frameworks;
			sourceTree = "<group>";
		};
/* End PBXGroup section */

/* Begin PBXNativeTarget section */
		00E686952AD2E64F004EAE69 /* WKIM */ = {
			isa = PBXNativeTarget;
			buildConfigurationList = 00E686AA2AD2E650004EAE69 /* Build configuration list for PBXNativeTarget "WKIM" */;
			buildPhases = (
				C8F412E2F23B678D6982A3EC /* [CP] Check Pods Manifest.lock */,
				00E686922AD2E64F004EAE69 /* Sources */,
				00E686932AD2E64F004EAE69 /* Frameworks */,
				00E686942AD2E64F004EAE69 /* Resources */,
				9BE9E1A0588C9C3F3720E0BF /* [CP] Embed Pods Frameworks */,
				FC692B1948DDE4366EBE0F73 /* [CP] Copy Pods Resources */,
			);
			buildRules = (
			);
			dependencies = (
			);
			name = WKIM;
			productName = WKIM;
			productReference = 00E686962AD2E64F004EAE69 /* WKIM.app */;
			productType = "com.apple.product-type.application";
		};
/* End PBXNativeTarget section */

/* Begin PBXProject section */
		00E6868E2AD2E64F004EAE69 /* Project object */ = {
			isa = PBXProject;
			attributes = {
				BuildIndependentTargetsInParallel = 1;
				LastSwiftUpdateCheck = 1500;
				LastUpgradeCheck = 1500;
				TargetAttributes = {
					00E686952AD2E64F004EAE69 = {
						CreatedOnToolsVersion = 15.0;
					};
				};
			};
			buildConfigurationList = 00E686912AD2E64F004EAE69 /* Build configuration list for PBXProject "WKIM" */;
			compatibilityVersion = "Xcode 14.0";
			developmentRegion = en;
			hasScannedForEncodings = 0;
			knownRegions = (
				en,
				Base,
			);
			mainGroup = 00E6868D2AD2E64F004EAE69;
			productRefGroup = 00E686972AD2E64F004EAE69 /* Products */;
			projectDirPath = "";
			projectRoot = "";
			targets = (
				00E686952AD2E64F004EAE69 /* WKIM */,
			);
		};
/* End PBXProject section */

/* Begin PBXResourcesBuildPhase section */
		00E686942AD2E64F004EAE69 /* Resources */ = {
			isa = PBXResourcesBuildPhase;
			buildActionMask = 2147483647;
			files = (
				00E686A62AD2E650004EAE69 /* LaunchScreen.storyboard in Resources */,
				00E686A32AD2E650004EAE69 /* Assets.xcassets in Resources */,
				00E686A12AD2E64F004EAE69 /* Main.storyboard in Resources */,
			);
			runOnlyForDeploymentPostprocessing = 0;
		};
/* End PBXResourcesBuildPhase section */

/* Begin PBXShellScriptBuildPhase section */
		9BE9E1A0588C9C3F3720E0BF /* [CP] Embed Pods Frameworks */ = {
			isa = PBXShellScriptBuildPhase;
			buildActionMask = 2147483647;
			files = (
			);
			inputFileListPaths = (
				"${PODS_ROOT}/Target Support Files/Pods-WKIM/Pods-WKIM-frameworks-${CONFIGURATION}-input-files.xcfilelist",
			);
			name = "[CP] Embed Pods Frameworks";
			outputFileListPaths = (
				"${PODS_ROOT}/Target Support Files/Pods-WKIM/Pods-WKIM-frameworks-${CONFIGURATION}-output-files.xcfilelist",
			);
			runOnlyForDeploymentPostprocessing = 0;
			shellPath = /bin/sh;
			shellScript = "\"${PODS_ROOT}/Target Support Files/Pods-WKIM/Pods-WKIM-frameworks.sh\"\n";
			showEnvVarsInLog = 0;
		};
		C8F412E2F23B678D6982A3EC /* [CP] Check Pods Manifest.lock */ = {
			isa = PBXShellScriptBuildPhase;
			buildActionMask = 2147483647;
			files = (
			);
			inputFileListPaths = (
			);
			inputPaths = (
				"${PODS_PODFILE_DIR_PATH}/Podfile.lock",
				"${PODS_ROOT}/Manifest.lock",
			);
			name = "[CP] Check Pods Manifest.lock";
			outputFileListPaths = (
			);
			outputPaths = (
				"$(DERIVED_FILE_DIR)/Pods-WKIM-checkManifestLockResult.txt",
			);
			runOnlyForDeploymentPostprocessing = 0;
			shellPath = /bin/sh;
			shellScript = "diff \"${PODS_PODFILE_DIR_PATH}/Podfile.lock\" \"${PODS_ROOT}/Manifest.lock\" > /dev/null\nif [ $? != 0 ] ; then\n    # print error to STDERR\n    echo \"error: The sandbox is not in sync with the Podfile.lock. Run 'pod install' or update your CocoaPods installation.\" >&2\n    exit 1\nfi\n# This output is used by Xcode 'outputs' to avoid re-running this script phase.\necho \"SUCCESS\" > \"${SCRIPT_OUTPUT_FILE_0}\"\n";
			showEnvVarsInLog = 0;
		};
		FC692B1948DDE4366EBE0F73 /* [CP] Copy Pods Resources */ = {
			isa = PBXShellScriptBuildPhase;
			buildActionMask = 2147483647;
			files = (
			);
			inputFileListPaths = (
				"${PODS_ROOT}/Target Support Files/Pods-WKIM/Pods-WKIM-resources-${CONFIGURATION}-input-files.xcfilelist",
			);
			name = "[CP] Copy Pods Resources";
			outputFileListPaths = (
				"${PODS_ROOT}/Target Support Files/Pods-WKIM/Pods-WKIM-resources-${CONFIGURATION}-output-files.xcfilelist",
			);
			runOnlyForDeploymentPostprocessing = 0;
			shellPath = /bin/sh;
			shellScript = "\"${PODS_ROOT}/Target Support Files/Pods-WKIM/Pods-WKIM-resources.sh\"\n";
			showEnvVarsInLog = 0;
		};
/* End PBXShellScriptBuildPhase section */

/* Begin PBXSourcesBuildPhase section */
		00E686922AD2E64F004EAE69 /* Sources */ = {
			isa = PBXSourcesBuildPhase;
			buildActionMask = 2147483647;
			files = (
				00E6869E2AD2E64F004EAE69 /* ViewController.swift in Sources */,
				00E6869A2AD2E64F004EAE69 /* AppDelegate.swift in Sources */,
				00E6869C2AD2E64F004EAE69 /* SceneDelegate.swift in Sources */,
			);
			runOnlyForDeploymentPostprocessing = 0;
		};
/* End PBXSourcesBuildPhase section */

/* Begin PBXVariantGroup section */
		00E6869F2AD2E64F004EAE69 /* Main.storyboard */ = {
			isa = PBXVariantGroup;
			children = (
				00E686A02AD2E64F004EAE69 /* Base */,
			);
			name = Main.storyboard;
			sourceTree = "<group>";
		};
		00E686A42AD2E650004EAE69 /* LaunchScreen.storyboard */ = {
			isa = PBXVariantGroup;
			children = (
				00E686A52AD2E650004EAE69 /* Base */,
			);
			name = LaunchScreen.storyboard;
			sourceTree = "<group>";
		};
/* End PBXVariantGroup section */

/* Begin XCBuildConfiguration section */
		00E686A82AD2E650004EAE69 /* Debug */ = {
			isa = XCBuildConfiguration;
			buildSettings = {
				ALWAYS_SEARCH_USER_PATHS = NO;
				ASSETCATALOG_COMPILER_GENERATE_SWIFT_ASSET_SYMBOL_EXTENSIONS = YES;
				CLANG_ANALYZER_NONNULL = YES;
				CLANG_ANALYZER_NUMBER_OBJECT_CONVERSION = YES_AGGRESSIVE;
				CLANG_CXX_LANGUAGE_STANDARD = "gnu++20";
				CLANG_ENABLE_MODULES = YES;
				CLANG_ENABLE_OBJC_ARC = YES;
				CLANG_ENABLE_OBJC_WEAK = YES;
				CLANG_WARN_BLOCK_CAPTURE_AUTORELEASING = YES;
				CLANG_WARN_BOOL_CONVERSION = YES;
				CLANG_WARN_COMMA = YES;
				CLANG_WARN_CONSTANT_CONVERSION = YES;
				CLANG_WARN_DEPRECATED_OBJC_IMPLEMENTATIONS = YES;
				CLANG_WARN_DIRECT_OBJC_ISA_USAGE = YES_ERROR;
				CLANG_WARN_DOCUMENTATION_COMMENTS = YES;
				CLANG_WARN_EMPTY_BODY = YES;
				CLANG_WARN_ENUM_CONVERSION = YES;
				CLANG_WARN_INFINITE_RECURSION = YES;
				CLANG_WARN_INT_CONVERSION = YES;
				CLANG_WARN_NON_LITERAL_NULL_CONVERSION = YES;
				CLANG_WARN_OBJC_IMPLICIT_RETAIN_SELF = YES;
				CLANG_WARN_OBJC_LITERAL_CONVERSION = YES;
				CLANG_WARN_OBJC_ROOT_CLASS = YES_ERROR;
				CLANG_WARN_QUOTED_INCLUDE_IN_FRAMEWORK_HEADER = YES;
				CLANG_WARN_RANGE_LOOP_ANALYSIS = YES;
				CLANG_WARN_STRICT_PROTOTYPES = YES;
				CLANG_WARN_SUSPICIOUS_MOVE = YES;
				CLANG_WARN_UNGUARDED_AVAILABILITY = YES_AGGRESSIVE;
				CLANG_WARN_UNREACHABLE_CODE = YES;
				CLANG_WARN__DUPLICATE_METHOD_MATCH = YES;
				COPY_PHASE_STRIP = NO;
				DEBUG_INFORMATION_FORMAT = dwarf;
				ENABLE_STRICT_OBJC_MSGSEND = YES;
				ENABLE_TESTABILITY = YES;
				ENABLE_USER_SCRIPT_SANDBOXING = YES;
				GCC_C_LANGUAGE_STANDARD = gnu17;
				GCC_DYNAMIC_NO_PIC = NO;
				GCC_NO_COMMON_BLOCKS = YES;
				GCC_OPTIMIZATION_LEVEL = 0;
				GCC_PREPROCESSOR_DEFINITIONS = (
					"DEBUG=1",
					"$(inherited)",
				);
				GCC_WARN_64_TO_32_BIT_CONVERSION = YES;
				GCC_WARN_ABOUT_RETURN_TYPE = YES_ERROR;
				GCC_WARN_UNDECLARED_SELECTOR = YES;
				GCC_WARN_UNINITIALIZED_AUTOS = YES_AGGRESSIVE;
				GCC_WARN_UNUSED_FUNCTION = YES;
				GCC_WARN_UNUSED_VARIABLE = YES;
				IPHONEOS_DEPLOYMENT_TARGET = 17.0;
				LOCALIZATION_PREFERS_STRING_CATALOGS = YES;
				MTL_ENABLE_DEBUG_INFO = INCLUDE_SOURCE;
				MTL_FAST_MATH = YES;
				ONLY_ACTIVE_ARCH = YES;
				SDKROOT = iphoneos;
				SWIFT_ACTIVE_COMPILATION_CONDITIONS = "DEBUG $(inherited)";
				SWIFT_OPTIMIZATION_LEVEL = "-Onone";
			};
			name = Debug;
		};
		00E686A92AD2E650004EAE69 /* Release */ = {
			isa = XCBuildConfiguration;
			buildSettings = {
				ALWAYS_SEARCH_USER_PATHS = NO;
				ASSETCATALOG_COMPILER_GENERATE_SWIFT_ASSET_SYMBOL_EXTENSIONS = YES;
				CLANG_ANALYZER_NONNULL = YES;
				CLANG_ANALYZER_NUMBER_OBJECT_CONVERSION = YES_AGGRESSIVE;
				CLANG_CXX_LANGUAGE_STANDARD = "gnu++20";
				CLANG_ENABLE_MODULES = YES;
				CLANG_ENABLE_OBJC_ARC = YES;
				CLANG_ENABLE_OBJC_WEAK = YES;
				CLANG_WARN_BLOCK_CAPTURE_AUTORELEASING = YES;
				CLANG_WARN_BOOL_CONVERSION = YES;
				CLANG_WARN_COMMA = YES;
				CLANG_WARN_CONSTANT_CONVERSION = YES;
				CLANG_WARN_DEPRECATED_OBJC_IMPLEMENTATIONS = YES;
				CLANG_WARN_DIRECT_OBJC_ISA_USAGE = YES_ERROR;
				CLANG_WARN_DOCUMENTATION_COMMENTS = YES;
				CLANG_WARN_EMPTY_BODY = YES;
				CLANG_WARN_ENUM_CONVERSION = YES;
				CLANG_WARN_INFINITE_RECURSION = YES;
				CLANG_WARN_INT_CONVERSION = YES;
				CLANG_WARN_NON_LITERAL_NULL_CONVERSION = YES;
				CLANG_WARN_OBJC_IMPLICIT_RETAIN_SELF = YES;
				CLANG_WARN_OBJC_LITERAL_CONVERSION = YES;
				CLANG_WARN_OBJC_ROOT_CLASS = YES_ERROR;
				CLANG_WARN_QUOTED_INCLUDE_IN_FRAMEWORK_HEADER = YES;
				CLANG_WARN_RANGE_LOOP_ANALYSIS = YES;
				CLANG_WARN_STRICT_PROTOTYPES = YES;
				CLANG_WARN_SUSPICIOUS_MOVE = YES;
				CLANG_WARN_UNGUARDED_AVAILABILITY = YES_AGGRESSIVE;
				CLANG_WARN_UNREACHABLE_CODE = YES;
				CLANG_WARN__DUPLICATE_METHOD_MATCH = YES;
				COPY_PHASE_STRIP = NO;
				DEBUG_INFORMATION_FORMAT = "dwarf-with-dsym";
				ENABLE_NS_ASSERTIONS = NO;
				ENABLE_STRICT_OBJC_MSGSEND = YES;
				ENABLE_USER_SCRIPT_SANDBOXING = YES;
				GCC_C_LANGUAGE_STANDARD = gnu17;
				GCC_NO_COMMON_BLOCKS = YES;
				GCC_WARN_64_TO_32_BIT_CONVERSION = YES;
				GCC_WARN_ABOUT_RETURN_TYPE = YES_ERROR;
				GCC_WARN_UNDECLARED_SELECTOR = YES;
				GCC_WARN_UNINITIALIZED_AUTOS = YES_AGGRESSIVE;
				GCC_WARN_UNUSED_FUNCTION = YES;
				GCC_WARN_UNUSED_VARIABLE = YES;
				IPHONEOS_DEPLOYMENT_TARGET = 17.0;
				LOCALIZATION_PREFERS_STRING_CATALOGS = YES;
				MTL_ENABLE_DEBUG_INFO = NO;
				MTL_FAST_MATH = YES;
				SDKROOT = iphoneos;
				SWIFT_COMPILATION_MODE = wholemodule;
				VALIDATE_PRODUCT = YES;
			};
			name = Release;
		};
		00E686AB2AD2E650004EAE69 /* Debug */ = {
			isa = XCBuildConfiguration;
			baseConfigurationReference = 649087B01A1EE9C8C3079297 /* Pods-WKIM.debug.xcconfig */;
			buildSettings = {
				ASSETCATALOG_COMPILER_APPICON_NAME = AppIcon;
				ASSETCATALOG_COMPILER_GLOBAL_ACCENT_COLOR_NAME = AccentColor;
				CODE_SIGN_STYLE = Automatic;
				CURRENT_PROJECT_VERSION = 1;
				DEVELOPMENT_TEAM = F9N98X7P4L;
				GENERATE_INFOPLIST_FILE = YES;
				INFOPLIST_FILE = WKIM/Info.plist;
				INFOPLIST_KEY_UIApplicationSupportsIndirectInputEvents = YES;
				INFOPLIST_KEY_UILaunchStoryboardName = LaunchScreen;
				INFOPLIST_KEY_UIMainStoryboardFile = Main;
				INFOPLIST_KEY_UISupportedInterfaceOrientations_iPad = "UIInterfaceOrientationPortrait UIInterfaceOrientationPortraitUpsideDown UIInterfaceOrientationLandscapeLeft UIInterfaceOrientationLandscapeRight";
				INFOPLIST_KEY_UISupportedInterfaceOrientations_iPhone = "UIInterfaceOrientationPortrait UIInterfaceOrientationLandscapeLeft UIInterfaceOrientationLandscapeRight";
				LD_RUNPATH_SEARCH_PATHS = (
					"$(inherited)",
					"@executable_path/Frameworks",
				);
				MARKETING_VERSION = 1.0;
				PRODUCT_BUNDLE_IDENTIFIER = com.xiaobingkj.WKIM;
				PRODUCT_NAME = "$(TARGET_NAME)";
				SWIFT_EMIT_LOC_STRINGS = YES;
				SWIFT_VERSION = 5.0;
				TARGETED_DEVICE_FAMILY = "1,2";
			};
			name = Debug;
		};
		00E686AC2AD2E650004EAE69 /* Release */ = {
			isa = XCBuildConfiguration;
			baseConfigurationReference = B791ED9FB04335BEE6FDC6BB /* Pods-WKIM.release.xcconfig */;
			buildSettings = {
				ASSETCATALOG_COMPILER_APPICON_NAME = AppIcon;
				ASSETCATALOG_COMPILER_GLOBAL_ACCENT_COLOR_NAME = AccentColor;
				CODE_SIGN_STYLE = Automatic;
				CURRENT_PROJECT_VERSION = 1;
				DEVELOPMENT_TEAM = F9N98X7P4L;
				GENERATE_INFOPLIST_FILE = YES;
				INFOPLIST_FILE = WKIM/Info.plist;
				INFOPLIST_KEY_UIApplicationSupportsIndirectInputEvents = YES;
				INFOPLIST_KEY_UILaunchStoryboardName = LaunchScreen;
				INFOPLIST_KEY_UIMainStoryboardFile = Main;
				INFOPLIST_KEY_UISupportedInterfaceOrientations_iPad = "UIInterfaceOrientationPortrait UIInterfaceOrientationPortraitUpsideDown UIInterfaceOrientationLandscapeLeft UIInterfaceOrientationLandscapeRight";
				INFOPLIST_KEY_UISupportedInterfaceOrientations_iPhone = "UIInterfaceOrientationPortrait UIInterfaceOrientationLandscapeLeft UIInterfaceOrientationLandscapeRight";
				LD_RUNPATH_SEARCH_PATHS = (
					"$(inherited)",
					"@executable_path/Frameworks",
				);
				MARKETING_VERSION = 1.0;
				PRODUCT_BUNDLE_IDENTIFIER = com.xiaobingkj.WKIM;
				PRODUCT_NAME = "$(TARGET_NAME)";
				SWIFT_EMIT_LOC_STRINGS = YES;
				SWIFT_VERSION = 5.0;
				TARGETED_DEVICE_FAMILY = "1,2";
			};
			name = Release;
		};
/* End XCBuildConfiguration section */

/* Begin XCConfigurationList section */
		00E686912AD2E64F004EAE69 /* Build configuration list for PBXProject "WKIM" */ = {
			isa = XCConfigurationList;
			buildConfigurations = (
				00E686A82AD2E650004EAE69 /* Debug */,
				00E686A92AD2E650004EAE69 /* Release */,
			);
			defaultConfigurationIsVisible = 0;
			defaultConfigurationName = Release;
		};
		00E686AA2AD2E650004EAE69 /* Build configuration list for PBXNativeTarget "WKIM" */ = {
			isa = XCConfigurationList;
			buildConfigurations = (
				00E686AB2AD2E650004EAE69 /* Debug */,
				00E686AC2AD2E650004EAE69 /* Release */,
			);
			defaultConfigurationIsVisible = 0;
			defaultConfigurationName = Release;
		};
/* End XCConfigurationList section */
	};
	rootObject = 00E6868E2AD2E64F004EAE69 /* Project object */;
}
